// !$*UTF8*$!
{
	archiveVersion = 1;
	classes = {
	};
	objectVersion = 50;
	objects = {

/* Begin PBXBuildFile section */
		C170E7C32670627A0040ADEC /* AppDelegate.swift in Sources */ = {isa = PBXBuildFile; fileRef = C170E7C22670627A0040ADEC /* AppDelegate.swift */; };
		C170E7C52670627A0040ADEC /* SceneDelegate.swift in Sources */ = {isa = PBXBuildFile; fileRef = C170E7C42670627A0040ADEC /* SceneDelegate.swift */; };
		C170E7C72670627A0040ADEC /* SearchView.swift in Sources */ = {isa = PBXBuildFile; fileRef = C170E7C62670627A0040ADEC /* SearchView.swift */; };
		C170E7C92670627D0040ADEC /* Assets.xcassets in Resources */ = {isa = PBXBuildFile; fileRef = C170E7C82670627D0040ADEC /* Assets.xcassets */; };
		C170E7CC2670627D0040ADEC /* Preview Assets.xcassets in Resources */ = {isa = PBXBuildFile; fileRef = C170E7CB2670627D0040ADEC /* Preview Assets.xcassets */; };
		C170E7CF2670627D0040ADEC /* LaunchScreen.storyboard in Resources */ = {isa = PBXBuildFile; fileRef = C170E7CD2670627D0040ADEC /* LaunchScreen.storyboard */; };
		C170E7F3267066660040ADEC /* SearchViewModelTests.swift in Sources */ = {isa = PBXBuildFile; fileRef = C170E7F2267066660040ADEC /* SearchViewModelTests.swift */; };
		C170E7F92670D39D0040ADEC /* MeaningsFetcher.swift in Sources */ = {isa = PBXBuildFile; fileRef = C170E7F82670D39D0040ADEC /* MeaningsFetcher.swift */; };
		C170E7FB2670F0580040ADEC /* MeaningResult.swift in Sources */ = {isa = PBXBuildFile; fileRef = C170E7FA2670F0580040ADEC /* MeaningResult.swift */; };
		C170E7FD2670F0770040ADEC /* FetchError.swift in Sources */ = {isa = PBXBuildFile; fileRef = C170E7FC2670F0770040ADEC /* FetchError.swift */; };
		C170E8002670F1400040ADEC /* MWMeaningsFetcher.swift in Sources */ = {isa = PBXBuildFile; fileRef = C170E7FF2670F1400040ADEC /* MWMeaningsFetcher.swift */; };
		C170E8022670F3530040ADEC /* Secrets.swift in Sources */ = {isa = PBXBuildFile; fileRef = C170E8012670F3530040ADEC /* Secrets.swift */; };
		C170E8042670FA930040ADEC /* MWMeaningResult.swift in Sources */ = {isa = PBXBuildFile; fileRef = C170E8032670FA930040ADEC /* MWMeaningResult.swift */; };
		C170E806267120F00040ADEC /* SearchViewModel.swift in Sources */ = {isa = PBXBuildFile; fileRef = C170E805267120F00040ADEC /* SearchViewModel.swift */; };
		C170E80F267183870040ADEC /* json.swift in Sources */ = {isa = PBXBuildFile; fileRef = C170E80E267183870040ADEC /* json.swift */; };
		C170E811267184060040ADEC /* MockMWMeaningsFetcher.swift in Sources */ = {isa = PBXBuildFile; fileRef = C170E810267184060040ADEC /* MockMWMeaningsFetcher.swift */; };
		C170E8142672433C0040ADEC /* SFMeaningsFetcher.swift in Sources */ = {isa = PBXBuildFile; fileRef = C170E8132672433C0040ADEC /* SFMeaningsFetcher.swift */; };
		C170E8162672434C0040ADEC /* SFMeaningResult.swift in Sources */ = {isa = PBXBuildFile; fileRef = C170E8152672434C0040ADEC /* SFMeaningResult.swift */; };
		C170E81826724E970040ADEC /* SwiftUI+Extensions.swift in Sources */ = {isa = PBXBuildFile; fileRef = C170E81726724E970040ADEC /* SwiftUI+Extensions.swift */; };
		C170E81A267251BE0040ADEC /* MockSFMeaningsFetcher.swift in Sources */ = {isa = PBXBuildFile; fileRef = C170E819267251BE0040ADEC /* MockSFMeaningsFetcher.swift */; };
		C170E81E2672789B0040ADEC /* MeaningResultTests.swift in Sources */ = {isa = PBXBuildFile; fileRef = C170E81D2672789B0040ADEC /* MeaningResultTests.swift */; };
		C170E822267283770040ADEC /* ResultRow.swift in Sources */ = {isa = PBXBuildFile; fileRef = C170E821267283770040ADEC /* ResultRow.swift */; };
		C170E824267283C60040ADEC /* SecondaryResultsRow.swift in Sources */ = {isa = PBXBuildFile; fileRef = C170E823267283C60040ADEC /* SecondaryResultsRow.swift */; };
		C170E826267288260040ADEC /* Secrets-Example.swift in Sources */ = {isa = PBXBuildFile; fileRef = C170E825267288260040ADEC /* Secrets-Example.swift */; };
/* End PBXBuildFile section */

/* Begin PBXContainerItemProxy section */
		C170E7D62670627D0040ADEC /* PBXContainerItemProxy */ = {
			isa = PBXContainerItemProxy;
			containerPortal = C170E7B72670627A0040ADEC /* Project object */;
			proxyType = 1;
			remoteGlobalIDString = C170E7BE2670627A0040ADEC;
			remoteInfo = Acronomicon;
		};
/* End PBXContainerItemProxy section */

/* Begin PBXFileReference section */
		C170E7BF2670627A0040ADEC /* Acronomicon.app */ = {isa = PBXFileReference; explicitFileType = wrapper.application; includeInIndex = 0; path = Acronomicon.app; sourceTree = BUILT_PRODUCTS_DIR; };
		C170E7C22670627A0040ADEC /* AppDelegate.swift */ = {isa = PBXFileReference; lastKnownFileType = sourcecode.swift; path = AppDelegate.swift; sourceTree = "<group>"; };
		C170E7C42670627A0040ADEC /* SceneDelegate.swift */ = {isa = PBXFileReference; lastKnownFileType = sourcecode.swift; path = SceneDelegate.swift; sourceTree = "<group>"; };
		C170E7C62670627A0040ADEC /* SearchView.swift */ = {isa = PBXFileReference; lastKnownFileType = sourcecode.swift; path = SearchView.swift; sourceTree = "<group>"; };
		C170E7C82670627D0040ADEC /* Assets.xcassets */ = {isa = PBXFileReference; lastKnownFileType = folder.assetcatalog; path = Assets.xcassets; sourceTree = "<group>"; };
		C170E7CB2670627D0040ADEC /* Preview Assets.xcassets */ = {isa = PBXFileReference; lastKnownFileType = folder.assetcatalog; path = "Preview Assets.xcassets"; sourceTree = "<group>"; };
		C170E7CE2670627D0040ADEC /* Base */ = {isa = PBXFileReference; lastKnownFileType = file.storyboard; name = Base; path = Base.lproj/LaunchScreen.storyboard; sourceTree = "<group>"; };
		C170E7D02670627D0040ADEC /* Info.plist */ = {isa = PBXFileReference; lastKnownFileType = text.plist.xml; path = Info.plist; sourceTree = "<group>"; };
		C170E7D52670627D0040ADEC /* AcronomiconTests.xctest */ = {isa = PBXFileReference; explicitFileType = wrapper.cfbundle; includeInIndex = 0; path = AcronomiconTests.xctest; sourceTree = BUILT_PRODUCTS_DIR; };
		C170E7DB2670627D0040ADEC /* Info.plist */ = {isa = PBXFileReference; lastKnownFileType = text.plist.xml; path = Info.plist; sourceTree = "<group>"; };
		C170E7F2267066660040ADEC /* SearchViewModelTests.swift */ = {isa = PBXFileReference; lastKnownFileType = sourcecode.swift; path = SearchViewModelTests.swift; sourceTree = "<group>"; };
		C170E7F82670D39D0040ADEC /* MeaningsFetcher.swift */ = {isa = PBXFileReference; lastKnownFileType = sourcecode.swift; path = MeaningsFetcher.swift; sourceTree = "<group>"; };
		C170E7FA2670F0580040ADEC /* MeaningResult.swift */ = {isa = PBXFileReference; lastKnownFileType = sourcecode.swift; path = MeaningResult.swift; sourceTree = "<group>"; };
		C170E7FC2670F0770040ADEC /* FetchError.swift */ = {isa = PBXFileReference; lastKnownFileType = sourcecode.swift; path = FetchError.swift; sourceTree = "<group>"; };
		C170E7FF2670F1400040ADEC /* MWMeaningsFetcher.swift */ = {isa = PBXFileReference; lastKnownFileType = sourcecode.swift; path = MWMeaningsFetcher.swift; sourceTree = "<group>"; };
		C170E8012670F3530040ADEC /* Secrets.swift */ = {isa = PBXFileReference; lastKnownFileType = sourcecode.swift; path = Secrets.swift; sourceTree = "<group>"; };
		C170E8032670FA930040ADEC /* MWMeaningResult.swift */ = {isa = PBXFileReference; lastKnownFileType = sourcecode.swift; path = MWMeaningResult.swift; sourceTree = "<group>"; };
		C170E805267120F00040ADEC /* SearchViewModel.swift */ = {isa = PBXFileReference; lastKnownFileType = sourcecode.swift; path = SearchViewModel.swift; sourceTree = "<group>"; };
		C170E80E267183870040ADEC /* json.swift */ = {isa = PBXFileReference; fileEncoding = 4; lastKnownFileType = sourcecode.swift; path = json.swift; sourceTree = "<group>"; };
		C170E810267184060040ADEC /* MockMWMeaningsFetcher.swift */ = {isa = PBXFileReference; lastKnownFileType = sourcecode.swift; path = MockMWMeaningsFetcher.swift; sourceTree = "<group>"; };
		C170E8132672433C0040ADEC /* SFMeaningsFetcher.swift */ = {isa = PBXFileReference; lastKnownFileType = sourcecode.swift; path = SFMeaningsFetcher.swift; sourceTree = "<group>"; };
		C170E8152672434C0040ADEC /* SFMeaningResult.swift */ = {isa = PBXFileReference; lastKnownFileType = sourcecode.swift; path = SFMeaningResult.swift; sourceTree = "<group>"; };
		C170E81726724E970040ADEC /* SwiftUI+Extensions.swift */ = {isa = PBXFileReference; lastKnownFileType = sourcecode.swift; path = "SwiftUI+Extensions.swift"; sourceTree = "<group>"; };
		C170E819267251BE0040ADEC /* MockSFMeaningsFetcher.swift */ = {isa = PBXFileReference; lastKnownFileType = sourcecode.swift; path = MockSFMeaningsFetcher.swift; sourceTree = "<group>"; };
		C170E81D2672789B0040ADEC /* MeaningResultTests.swift */ = {isa = PBXFileReference; lastKnownFileType = sourcecode.swift; path = MeaningResultTests.swift; sourceTree = "<group>"; };
		C170E821267283770040ADEC /* ResultRow.swift */ = {isa = PBXFileReference; lastKnownFileType = sourcecode.swift; path = ResultRow.swift; sourceTree = "<group>"; };
		C170E823267283C60040ADEC /* SecondaryResultsRow.swift */ = {isa = PBXFileReference; lastKnownFileType = sourcecode.swift; path = SecondaryResultsRow.swift; sourceTree = "<group>"; };
		C170E825267288260040ADEC /* Secrets-Example.swift */ = {isa = PBXFileReference; lastKnownFileType = sourcecode.swift; path = "Secrets-Example.swift"; sourceTree = "<group>"; };
/* End PBXFileReference section */

/* Begin PBXFrameworksBuildPhase section */
		C170E7BC2670627A0040ADEC /* Frameworks */ = {
			isa = PBXFrameworksBuildPhase;
			buildActionMask = 2147483647;
			files = (
			);
			runOnlyForDeploymentPostprocessing = 0;
		};
		C170E7D22670627D0040ADEC /* Frameworks */ = {
			isa = PBXFrameworksBuildPhase;
			buildActionMask = 2147483647;
			files = (
			);
			runOnlyForDeploymentPostprocessing = 0;
		};
/* End PBXFrameworksBuildPhase section */

/* Begin PBXGroup section */
		C170E7B62670627A0040ADEC = {
			isa = PBXGroup;
			children = (
				C170E7C12670627A0040ADEC /* Acronomicon */,
				C170E7D82670627D0040ADEC /* AcronomiconTests */,
				C170E7C02670627A0040ADEC /* Products */,
			);
			sourceTree = "<group>";
		};
		C170E7C02670627A0040ADEC /* Products */ = {
			isa = PBXGroup;
			children = (
				C170E7BF2670627A0040ADEC /* Acronomicon.app */,
				C170E7D52670627D0040ADEC /* AcronomiconTests.xctest */,
			);
			name = Products;
			sourceTree = "<group>";
		};
		C170E7C12670627A0040ADEC /* Acronomicon */ = {
			isa = PBXGroup;
			children = (
				C170E7C22670627A0040ADEC /* AppDelegate.swift */,
				C170E7C42670627A0040ADEC /* SceneDelegate.swift */,
				C170E820267283550040ADEC /* View */,
				C170E81F267283460040ADEC /* ViewModel */,
				C170E81726724E970040ADEC /* SwiftUI+Extensions.swift */,
				C170E8122671C10B0040ADEC /* Model */,
				C170E7FE2670F12C0040ADEC /* Services */,
				C170E7C82670627D0040ADEC /* Assets.xcassets */,
				C170E80D2671836F0040ADEC /* Mocks */,
				C170E7D02670627D0040ADEC /* Info.plist */,
				C170E7CD2670627D0040ADEC /* LaunchScreen.storyboard */,
				C170E7CA2670627D0040ADEC /* Preview Content */,
			);
			path = Acronomicon;
			sourceTree = "<group>";
		};
		C170E7CA2670627D0040ADEC /* Preview Content */ = {
			isa = PBXGroup;
			children = (
				C170E7CB2670627D0040ADEC /* Preview Assets.xcassets */,
			);
			path = "Preview Content";
			sourceTree = "<group>";
		};
		C170E7D82670627D0040ADEC /* AcronomiconTests */ = {
			isa = PBXGroup;
			children = (
				C170E7F2267066660040ADEC /* SearchViewModelTests.swift */,
				C170E81D2672789B0040ADEC /* MeaningResultTests.swift */,
				C170E7DB2670627D0040ADEC /* Info.plist */,
			);
			path = AcronomiconTests;
			sourceTree = "<group>";
		};
		C170E7FE2670F12C0040ADEC /* Services */ = {
			isa = PBXGroup;
			children = (
				C170E7F82670D39D0040ADEC /* MeaningsFetcher.swift */,
				C170E7FF2670F1400040ADEC /* MWMeaningsFetcher.swift */,
				C170E8132672433C0040ADEC /* SFMeaningsFetcher.swift */,
				C170E8012670F3530040ADEC /* Secrets.swift */,
				C170E825267288260040ADEC /* Secrets-Example.swift */,
			);
			path = Services;
			sourceTree = "<group>";
		};
		C170E80D2671836F0040ADEC /* Mocks */ = {
			isa = PBXGroup;
			children = (
				C170E80E267183870040ADEC /* json.swift */,
				C170E810267184060040ADEC /* MockMWMeaningsFetcher.swift */,
				C170E819267251BE0040ADEC /* MockSFMeaningsFetcher.swift */,
			);
			path = Mocks;
			sourceTree = "<group>";
		};
		C170E8122671C10B0040ADEC /* Model */ = {
			isa = PBXGroup;
			children = (
				C170E7FA2670F0580040ADEC /* MeaningResult.swift */,
				C170E7FC2670F0770040ADEC /* FetchError.swift */,
				C170E8032670FA930040ADEC /* MWMeaningResult.swift */,
				C170E8152672434C0040ADEC /* SFMeaningResult.swift */,
			);
			path = Model;
			sourceTree = "<group>";
		};
		C170E81F267283460040ADEC /* ViewModel */ = {
			isa = PBXGroup;
			children = (
				C170E805267120F00040ADEC /* SearchViewModel.swift */,
			);
			path = ViewModel;
			sourceTree = "<group>";
		};
		C170E820267283550040ADEC /* View */ = {
			isa = PBXGroup;
			children = (
				C170E7C62670627A0040ADEC /* SearchView.swift */,
				C170E821267283770040ADEC /* ResultRow.swift */,
				C170E823267283C60040ADEC /* SecondaryResultsRow.swift */,
			);
			path = View;
			sourceTree = "<group>";
		};
/* End PBXGroup section */

/* Begin PBXNativeTarget section */
		C170E7BE2670627A0040ADEC /* Acronomicon */ = {
			isa = PBXNativeTarget;
			buildConfigurationList = C170E7E92670627D0040ADEC /* Build configuration list for PBXNativeTarget "Acronomicon" */;
			buildPhases = (
				C170E7BB2670627A0040ADEC /* Sources */,
				C170E7BC2670627A0040ADEC /* Frameworks */,
				C170E7BD2670627A0040ADEC /* Resources */,
			);
			buildRules = (
			);
			dependencies = (
			);
			name = Acronomicon;
			productName = Acronomicon;
			productReference = C170E7BF2670627A0040ADEC /* Acronomicon.app */;
			productType = "com.apple.product-type.application";
		};
		C170E7D42670627D0040ADEC /* AcronomiconTests */ = {
			isa = PBXNativeTarget;
			buildConfigurationList = C170E7EC2670627D0040ADEC /* Build configuration list for PBXNativeTarget "AcronomiconTests" */;
			buildPhases = (
				C170E7D12670627D0040ADEC /* Sources */,
				C170E7D22670627D0040ADEC /* Frameworks */,
				C170E7D32670627D0040ADEC /* Resources */,
			);
			buildRules = (
			);
			dependencies = (
				C170E7D72670627D0040ADEC /* PBXTargetDependency */,
			);
			name = AcronomiconTests;
			productName = AcronomiconTests;
			productReference = C170E7D52670627D0040ADEC /* AcronomiconTests.xctest */;
			productType = "com.apple.product-type.bundle.unit-test";
		};
/* End PBXNativeTarget section */

/* Begin PBXProject section */
		C170E7B72670627A0040ADEC /* Project object */ = {
			isa = PBXProject;
			attributes = {
				LastSwiftUpdateCheck = 1250;
				LastUpgradeCheck = 1250;
				TargetAttributes = {
					C170E7BE2670627A0040ADEC = {
						CreatedOnToolsVersion = 12.5;
					};
					C170E7D42670627D0040ADEC = {
						CreatedOnToolsVersion = 12.5;
						TestTargetID = C170E7BE2670627A0040ADEC;
					};
				};
			};
			buildConfigurationList = C170E7BA2670627A0040ADEC /* Build configuration list for PBXProject "Acronomicon" */;
			compatibilityVersion = "Xcode 9.3";
			developmentRegion = en;
			hasScannedForEncodings = 0;
			knownRegions = (
				en,
				Base,
			);
			mainGroup = C170E7B62670627A0040ADEC;
			productRefGroup = C170E7C02670627A0040ADEC /* Products */;
			projectDirPath = "";
			projectRoot = "";
			targets = (
				C170E7BE2670627A0040ADEC /* Acronomicon */,
				C170E7D42670627D0040ADEC /* AcronomiconTests */,
			);
		};
/* End PBXProject section */

/* Begin PBXResourcesBuildPhase section */
		C170E7BD2670627A0040ADEC /* Resources */ = {
			isa = PBXResourcesBuildPhase;
			buildActionMask = 2147483647;
			files = (
				C170E7CF2670627D0040ADEC /* LaunchScreen.storyboard in Resources */,
				C170E7CC2670627D0040ADEC /* Preview Assets.xcassets in Resources */,
				C170E7C92670627D0040ADEC /* Assets.xcassets in Resources */,
			);
			runOnlyForDeploymentPostprocessing = 0;
		};
		C170E7D32670627D0040ADEC /* Resources */ = {
			isa = PBXResourcesBuildPhase;
			buildActionMask = 2147483647;
			files = (
			);
			runOnlyForDeploymentPostprocessing = 0;
		};
/* End PBXResourcesBuildPhase section */

/* Begin PBXSourcesBuildPhase section */
		C170E7BB2670627A0040ADEC /* Sources */ = {
			isa = PBXSourcesBuildPhase;
			buildActionMask = 2147483647;
			files = (
				C170E826267288260040ADEC /* Secrets-Example.swift in Sources */,
				C170E80F267183870040ADEC /* json.swift in Sources */,
				C170E822267283770040ADEC /* ResultRow.swift in Sources */,
				C170E8042670FA930040ADEC /* MWMeaningResult.swift in Sources */,
				C170E7C32670627A0040ADEC /* AppDelegate.swift in Sources */,
				C170E8142672433C0040ADEC /* SFMeaningsFetcher.swift in Sources */,
				C170E811267184060040ADEC /* MockMWMeaningsFetcher.swift in Sources */,
				C170E824267283C60040ADEC /* SecondaryResultsRow.swift in Sources */,
				C170E8022670F3530040ADEC /* Secrets.swift in Sources */,
				C170E8002670F1400040ADEC /* MWMeaningsFetcher.swift in Sources */,
				C170E81826724E970040ADEC /* SwiftUI+Extensions.swift in Sources */,
				C170E7C52670627A0040ADEC /* SceneDelegate.swift in Sources */,
				C170E7C72670627A0040ADEC /* SearchView.swift in Sources */,
				C170E806267120F00040ADEC /* SearchViewModel.swift in Sources */,
				C170E7FD2670F0770040ADEC /* FetchError.swift in Sources */,
				C170E81A267251BE0040ADEC /* MockSFMeaningsFetcher.swift in Sources */,
				C170E7F92670D39D0040ADEC /* MeaningsFetcher.swift in Sources */,
				C170E7FB2670F0580040ADEC /* MeaningResult.swift in Sources */,
				C170E8162672434C0040ADEC /* SFMeaningResult.swift in Sources */,
			);
			runOnlyForDeploymentPostprocessing = 0;
		};
		C170E7D12670627D0040ADEC /* Sources */ = {
			isa = PBXSourcesBuildPhase;
			buildActionMask = 2147483647;
			files = (
				C170E81E2672789B0040ADEC /* MeaningResultTests.swift in Sources */,
				C170E7F3267066660040ADEC /* SearchViewModelTests.swift in Sources */,
			);
			runOnlyForDeploymentPostprocessing = 0;
		};
/* End PBXSourcesBuildPhase section */

/* Begin PBXTargetDependency section */
		C170E7D72670627D0040ADEC /* PBXTargetDependency */ = {
			isa = PBXTargetDependency;
			target = C170E7BE2670627A0040ADEC /* Acronomicon */;
			targetProxy = C170E7D62670627D0040ADEC /* PBXContainerItemProxy */;
		};
/* End PBXTargetDependency section */

/* Begin PBXVariantGroup section */
		C170E7CD2670627D0040ADEC /* LaunchScreen.storyboard */ = {
			isa = PBXVariantGroup;
			children = (
				C170E7CE2670627D0040ADEC /* Base */,
			);
			name = LaunchScreen.storyboard;
			sourceTree = "<group>";
		};
/* End PBXVariantGroup section */

/* Begin XCBuildConfiguration section */
		C170E7E72670627D0040ADEC /* Debug */ = {
			isa = XCBuildConfiguration;
			buildSettings = {
				ALWAYS_SEARCH_USER_PATHS = NO;
				CLANG_ANALYZER_NONNULL = YES;
				CLANG_ANALYZER_NUMBER_OBJECT_CONVERSION = YES_AGGRESSIVE;
				CLANG_CXX_LANGUAGE_STANDARD = "gnu++14";
				CLANG_CXX_LIBRARY = "libc++";
				CLANG_ENABLE_MODULES = YES;
				CLANG_ENABLE_OBJC_ARC = YES;
				CLANG_ENABLE_OBJC_WEAK = YES;
				CLANG_WARN_BLOCK_CAPTURE_AUTORELEASING = YES;
				CLANG_WARN_BOOL_CONVERSION = YES;
				CLANG_WARN_COMMA = YES;
				CLANG_WARN_CONSTANT_CONVERSION = YES;
				CLANG_WARN_DEPRECATED_OBJC_IMPLEMENTATIONS = YES;
				CLANG_WARN_DIRECT_OBJC_ISA_USAGE = YES_ERROR;
				CLANG_WARN_DOCUMENTATION_COMMENTS = YES;
				CLANG_WARN_EMPTY_BODY = YES;
				CLANG_WARN_ENUM_CONVERSION = YES;
				CLANG_WARN_INFINITE_RECURSION = YES;
				CLANG_WARN_INT_CONVERSION = YES;
				CLANG_WARN_NON_LITERAL_NULL_CONVERSION = YES;
				CLANG_WARN_OBJC_IMPLICIT_RETAIN_SELF = YES;
				CLANG_WARN_OBJC_LITERAL_CONVERSION = YES;
				CLANG_WARN_OBJC_ROOT_CLASS = YES_ERROR;
				CLANG_WARN_QUOTED_INCLUDE_IN_FRAMEWORK_HEADER = YES;
				CLANG_WARN_RANGE_LOOP_ANALYSIS = YES;
				CLANG_WARN_STRICT_PROTOTYPES = YES;
				CLANG_WARN_SUSPICIOUS_MOVE = YES;
				CLANG_WARN_UNGUARDED_AVAILABILITY = YES_AGGRESSIVE;
				CLANG_WARN_UNREACHABLE_CODE = YES;
				CLANG_WARN__DUPLICATE_METHOD_MATCH = YES;
				COPY_PHASE_STRIP = NO;
				DEBUG_INFORMATION_FORMAT = dwarf;
				ENABLE_STRICT_OBJC_MSGSEND = YES;
				ENABLE_TESTABILITY = YES;
				GCC_C_LANGUAGE_STANDARD = gnu11;
				GCC_DYNAMIC_NO_PIC = NO;
				GCC_NO_COMMON_BLOCKS = YES;
				GCC_OPTIMIZATION_LEVEL = 0;
				GCC_PREPROCESSOR_DEFINITIONS = (
					"DEBUG=1",
					"$(inherited)",
				);
				GCC_WARN_64_TO_32_BIT_CONVERSION = YES;
				GCC_WARN_ABOUT_RETURN_TYPE = YES_ERROR;
				GCC_WARN_UNDECLARED_SELECTOR = YES;
				GCC_WARN_UNINITIALIZED_AUTOS = YES_AGGRESSIVE;
				GCC_WARN_UNUSED_FUNCTION = YES;
				GCC_WARN_UNUSED_VARIABLE = YES;
				IPHONEOS_DEPLOYMENT_TARGET = 14.5;
				MTL_ENABLE_DEBUG_INFO = INCLUDE_SOURCE;
				MTL_FAST_MATH = YES;
				ONLY_ACTIVE_ARCH = YES;
				SDKROOT = iphoneos;
				SWIFT_ACTIVE_COMPILATION_CONDITIONS = DEBUG;
				SWIFT_OPTIMIZATION_LEVEL = "-Onone";
			};
			name = Debug;
		};
		C170E7E82670627D0040ADEC /* Release */ = {
			isa = XCBuildConfiguration;
			buildSettings = {
				ALWAYS_SEARCH_USER_PATHS = NO;
				CLANG_ANALYZER_NONNULL = YES;
				CLANG_ANALYZER_NUMBER_OBJECT_CONVERSION = YES_AGGRESSIVE;
				CLANG_CXX_LANGUAGE_STANDARD = "gnu++14";
				CLANG_CXX_LIBRARY = "libc++";
				CLANG_ENABLE_MODULES = YES;
				CLANG_ENABLE_OBJC_ARC = YES;
				CLANG_ENABLE_OBJC_WEAK = YES;
				CLANG_WARN_BLOCK_CAPTURE_AUTORELEASING = YES;
				CLANG_WARN_BOOL_CONVERSION = YES;
				CLANG_WARN_COMMA = YES;
				CLANG_WARN_CONSTANT_CONVERSION = YES;
				CLANG_WARN_DEPRECATED_OBJC_IMPLEMENTATIONS = YES;
				CLANG_WARN_DIRECT_OBJC_ISA_USAGE = YES_ERROR;
				CLANG_WARN_DOCUMENTATION_COMMENTS = YES;
				CLANG_WARN_EMPTY_BODY = YES;
				CLANG_WARN_ENUM_CONVERSION = YES;
				CLANG_WARN_INFINITE_RECURSION = YES;
				CLANG_WARN_INT_CONVERSION = YES;
				CLANG_WARN_NON_LITERAL_NULL_CONVERSION = YES;
				CLANG_WARN_OBJC_IMPLICIT_RETAIN_SELF = YES;
				CLANG_WARN_OBJC_LITERAL_CONVERSION = YES;
				CLANG_WARN_OBJC_ROOT_CLASS = YES_ERROR;
				CLANG_WARN_QUOTED_INCLUDE_IN_FRAMEWORK_HEADER = YES;
				CLANG_WARN_RANGE_LOOP_ANALYSIS = YES;
				CLANG_WARN_STRICT_PROTOTYPES = YES;
				CLANG_WARN_SUSPICIOUS_MOVE = YES;
				CLANG_WARN_UNGUARDED_AVAILABILITY = YES_AGGRESSIVE;
				CLANG_WARN_UNREACHABLE_CODE = YES;
				CLANG_WARN__DUPLICATE_METHOD_MATCH = YES;
				COPY_PHASE_STRIP = NO;
				DEBUG_INFORMATION_FORMAT = "dwarf-with-dsym";
				ENABLE_NS_ASSERTIONS = NO;
				ENABLE_STRICT_OBJC_MSGSEND = YES;
				GCC_C_LANGUAGE_STANDARD = gnu11;
				GCC_NO_COMMON_BLOCKS = YES;
				GCC_WARN_64_TO_32_BIT_CONVERSION = YES;
				GCC_WARN_ABOUT_RETURN_TYPE = YES_ERROR;
				GCC_WARN_UNDECLARED_SELECTOR = YES;
				GCC_WARN_UNINITIALIZED_AUTOS = YES_AGGRESSIVE;
				GCC_WARN_UNUSED_FUNCTION = YES;
				GCC_WARN_UNUSED_VARIABLE = YES;
				IPHONEOS_DEPLOYMENT_TARGET = 14.5;
				MTL_ENABLE_DEBUG_INFO = NO;
				MTL_FAST_MATH = YES;
				SDKROOT = iphoneos;
				SWIFT_COMPILATION_MODE = wholemodule;
				SWIFT_OPTIMIZATION_LEVEL = "-O";
				VALIDATE_PRODUCT = YES;
			};
			name = Release;
		};
		C170E7EA2670627D0040ADEC /* Debug */ = {
			isa = XCBuildConfiguration;
			buildSettings = {
				ASSETCATALOG_COMPILER_APPICON_NAME = AppIcon;
				ASSETCATALOG_COMPILER_GLOBAL_ACCENT_COLOR_NAME = AccentColor;
				CODE_SIGN_STYLE = Automatic;
				DEVELOPMENT_ASSET_PATHS = "\"Acronomicon/Preview Content\"";
				DEVELOPMENT_TEAM = M96DFSDWS3;
				ENABLE_PREVIEWS = YES;
				INFOPLIST_FILE = Acronomicon/Info.plist;
				LD_RUNPATH_SEARCH_PATHS = (
					"$(inherited)",
					"@executable_path/Frameworks",
				);
				PRODUCT_BUNDLE_IDENTIFIER = com.perroscongatos.test.Acronomicon;
				PRODUCT_NAME = "$(TARGET_NAME)";
				SWIFT_VERSION = 5.0;
				TARGETED_DEVICE_FAMILY = "1,2";
			};
			name = Debug;
		};
		C170E7EB2670627D0040ADEC /* Release */ = {
			isa = XCBuildConfiguration;
			buildSettings = {
				ASSETCATALOG_COMPILER_APPICON_NAME = AppIcon;
				ASSETCATALOG_COMPILER_GLOBAL_ACCENT_COLOR_NAME = AccentColor;
				CODE_SIGN_STYLE = Automatic;
				DEVELOPMENT_ASSET_PATHS = "\"Acronomicon/Preview Content\"";
				DEVELOPMENT_TEAM = M96DFSDWS3;
				ENABLE_PREVIEWS = YES;
				INFOPLIST_FILE = Acronomicon/Info.plist;
				LD_RUNPATH_SEARCH_PATHS = (
					"$(inherited)",
					"@executable_path/Frameworks",
				);
				PRODUCT_BUNDLE_IDENTIFIER = com.perroscongatos.test.Acronomicon;
				PRODUCT_NAME = "$(TARGET_NAME)";
				SWIFT_VERSION = 5.0;
				TARGETED_DEVICE_FAMILY = "1,2";
			};
			name = Release;
		};
		C170E7ED2670627D0040ADEC /* Debug */ = {
			isa = XCBuildConfiguration;
			buildSettings = {
				ALWAYS_EMBED_SWIFT_STANDARD_LIBRARIES = YES;
				BUNDLE_LOADER = "$(TEST_HOST)";
				CODE_SIGN_STYLE = Automatic;
				DEVELOPMENT_TEAM = M96DFSDWS3;
				INFOPLIST_FILE = AcronomiconTests/Info.plist;
				IPHONEOS_DEPLOYMENT_TARGET = 14.5;
				LD_RUNPATH_SEARCH_PATHS = (
					"$(inherited)",
					"@executable_path/Frameworks",
					"@loader_path/Frameworks",
				);
				PRODUCT_BUNDLE_IDENTIFIER = com.perroscongatos.test.AcronomiconTests;
				PRODUCT_NAME = "$(TARGET_NAME)";
				SWIFT_VERSION = 5.0;
				TARGETED_DEVICE_FAMILY = "1,2";
				TEST_HOST = "$(BUILT_PRODUCTS_DIR)/Acronomicon.app/Acronomicon";
			};
			name = Debug;
		};
		C170E7EE2670627D0040ADEC /* Release */ = {
			isa = XCBuildConfiguration;
			buildSettings = {
				ALWAYS_EMBED_SWIFT_STANDARD_LIBRARIES = YES;
				BUNDLE_LOADER = "$(TEST_HOST)";
				CODE_SIGN_STYLE = Automatic;
				DEVELOPMENT_TEAM = M96DFSDWS3;
				INFOPLIST_FILE = AcronomiconTests/Info.plist;
				IPHONEOS_DEPLOYMENT_TARGET = 14.5;
				LD_RUNPATH_SEARCH_PATHS = (
					"$(inherited)",
					"@executable_path/Frameworks",
					"@loader_path/Frameworks",
				);
				PRODUCT_BUNDLE_IDENTIFIER = com.perroscongatos.test.AcronomiconTests;
				PRODUCT_NAME = "$(TARGET_NAME)";
				SWIFT_VERSION = 5.0;
				TARGETED_DEVICE_FAMILY = "1,2";
				TEST_HOST = "$(BUILT_PRODUCTS_DIR)/Acronomicon.app/Acronomicon";
			};
			name = Release;
		};
/* End XCBuildConfiguration section */

/* Begin XCConfigurationList section */
		C170E7BA2670627A0040ADEC /* Build configuration list for PBXProject "Acronomicon" */ = {
			isa = XCConfigurationList;
			buildConfigurations = (
				C170E7E72670627D0040ADEC /* Debug */,
				C170E7E82670627D0040ADEC /* Release */,
			);
			defaultConfigurationIsVisible = 0;
			defaultConfigurationName = Release;
		};
		C170E7E92670627D0040ADEC /* Build configuration list for PBXNativeTarget "Acronomicon" */ = {
			isa = XCConfigurationList;
			buildConfigurations = (
				C170E7EA2670627D0040ADEC /* Debug */,
				C170E7EB2670627D0040ADEC /* Release */,
			);
			defaultConfigurationIsVisible = 0;
			defaultConfigurationName = Release;
		};
		C170E7EC2670627D0040ADEC /* Build configuration list for PBXNativeTarget "AcronomiconTests" */ = {
			isa = XCConfigurationList;
			buildConfigurations = (
				C170E7ED2670627D0040ADEC /* Debug */,
				C170E7EE2670627D0040ADEC /* Release */,
			);
			defaultConfigurationIsVisible = 0;
			defaultConfigurationName = Release;
		};
/* End XCConfigurationList section */
	};
	rootObject = C170E7B72670627A0040ADEC /* Project object */;
}
